
Microsoft Visual Studio Solution File, Format Version 11.00
# Visual Studio 2010
Project("{F184B08F-C81C-45F6-A57F-5ABD9991F28F}") = "PRS Trade v.1.0", "PRS Trade v.1.0\PRS Trade v.1.0.vbproj", "{CD4111B1-E3B8-4B54-BB26-04CAFADD2AFF}"
EndProject
Global
	GlobalSection(SolutionConfigurationPlatforms) = preSolution
		Debug|Any CPU = Debug|Any CPU
		Release|Any CPU = Release|Any CPU
	EndGlobalSection
	GlobalSection(ProjectConfigurationPlatforms) = postSolution
		{CD4111B1-E3B8-4B54-BB26-04CAFADD2AFF}.Debug|Any CPU.ActiveCfg = Debug|Any CPU
		{CD4111B1-E3B8-4B54-BB26-04CAFADD2AFF}.Debug|Any CPU.Build.0 = Debug|Any CPU
		{CD4111B1-E3B8-4B54-BB26-04CAFADD2AFF}.Release|Any CPU.ActiveCfg = Release|Any CPU
		{CD4111B1-E3B8-4B54-BB26-04CAFADD2AFF}.Release|Any CPU.Build.0 = Release|Any CPU
	EndGlobalSection
	GlobalSection(SolutionProperties) = preSolution
		HideSolutionNode = FALSE
	EndGlobalSection
EndGlobal
